
Microsoft Visual Studio Solution File, Format Version 12.00
# Visual Studio Version 17
VisualStudioVersion = 17.0.31903.59
MinimumVisualStudioVersion = 10.0.40219.1
Project("{2150E333-8FDC-42A3-9474-1A3956D46DE8}") = "Core", "Core", "{CF1D7C46-5119-4EF6-9457-34EE46399009}"
EndProject
Project("{FAE04EC0-301F-11D3-BF4B-00C04F79EFBC}") = "Domain", "Core\Domain\Domain.csproj", "{405C4635-3E66-47AF-A30D-0F38A8FB639A}"
EndProject
Project("{2150E333-8FDC-42A3-9474-1A3956D46DE8}") = "Infrastructure", "Infrastructure", "{13DEC475-3665-4F99-8251-770D4C11F14F}"
EndProject
Project("{FAE04EC0-301F-11D3-BF4B-00C04F79EFBC}") = "Persistence", "Infrastructure\Persistence\Persistence.csproj", "{3260828C-A6A5-4D3D-8551-2492C2E7D9B7}"
EndProject
Project("{FAE04EC0-301F-11D3-BF4B-00C04F79EFBC}") = "Migrations", "Infrastructure\Migrations\Migrations.csproj", "{E7A4EC39-9AC7-4443-940F-14D674ECDE25}"
EndProject
Project("{2150E333-8FDC-42A3-9474-1A3956D46DE8}") = "Web", "Web", "{F7DBA971-1AEB-4412-9F25-68F6C7D7A8F9}"
EndProject
Project("{2150E333-8FDC-42A3-9474-1A3956D46DE8}") = "API", "API", "{0E879C74-8939-4B20-9160-6509C4F08C6F}"
EndProject
Project("{FAE04EC0-301F-11D3-BF4B-00C04F79EFBC}") = "API.Projects", "Web\API\Projects\API.Projects.csproj", "{987EB889-4D82-4BAD-B193-9DB073ADF07B}"
EndProject
Project("{FAE04EC0-301F-11D3-BF4B-00C04F79EFBC}") = "API.Proposals", "Web\API\Proposals\API.Proposals.csproj", "{D5EB14EE-91D7-4357-A832-96CCEE9E7697}"
EndProject
Project("{FAE04EC0-301F-11D3-BF4B-00C04F79EFBC}") = "API.SSO", "Web\API\SSO\API.SSO.csproj", "{9D0FA3DD-DCEF-489C-9727-795AE9AAC0A2}"
EndProject
Project("{2150E333-8FDC-42A3-9474-1A3956D46DE8}") = "UI", "UI", "{42782A50-E565-4E86-A03E-3C8916B8FB8C}"
EndProject
Project("{FAE04EC0-301F-11D3-BF4B-00C04F79EFBC}") = "UI", "Web\UI\UI.csproj", "{469C8DB6-55CF-4E6C-8608-399C2AAA58D2}"
EndProject
Project("{2150E333-8FDC-42A3-9474-1A3956D46DE8}") = "Application", "Application", "{81E203DC-5441-4D1B-82C9-3AEFACB733EA}"
EndProject
Project("{FAE04EC0-301F-11D3-BF4B-00C04F79EFBC}") = "Application.Common", "Core\Application\Common\Application.Common.csproj", "{893FE102-56FC-42D9-A150-245AB26DFAD7}"
EndProject
Project("{FAE04EC0-301F-11D3-BF4B-00C04F79EFBC}") = "Application.Projects", "Core\Application\Projects\Application.Projects.csproj", "{933CBF4E-0AF4-4572-8061-96123FD5D54E}"
EndProject
Project("{FAE04EC0-301F-11D3-BF4B-00C04F79EFBC}") = "Application.Proposals", "Core\Application\Proposals\Application.Proposals.csproj", "{D46B3366-B540-4019-93AA-F690403EF7C3}"
EndProject
Project("{2150E333-8FDC-42A3-9474-1A3956D46DE8}") = "Infrastructure", "Infrastructure", "{F5BA57B5-5688-4A0C-8DCF-878EAB94BBC0}"
EndProject
Project("{FAE04EC0-301F-11D3-BF4B-00C04F79EFBC}") = "Infrastructure.Common", "Infrastructure\Common\Infrastructure.Common.csproj", "{07E22EA4-F034-4062-9B98-259BCD7C4B47}"
EndProject
Project("{FAE04EC0-301F-11D3-BF4B-00C04F79EFBC}") = "Infrastructure.Proposals", "Infrastructure\Proposals\Infrastructure.Proposals.csproj", "{655CD7E1-3EA4-4F0B-A0B2-76185B1DBA41}"
EndProject
Project("{FAE04EC0-301F-11D3-BF4B-00C04F79EFBC}") = "Infrastructure.Projects", "Infrastructure\Projects\Infrastructure.Projects.csproj", "{78C8AC29-1404-4A74-B23D-043337763D51}"
EndProject
Project("{FAE04EC0-301F-11D3-BF4B-00C04F79EFBC}") = "API.Common", "Web\API\Common\API.Common.csproj", "{153B2869-EFF7-4F06-A302-2274C0201E46}"
EndProject
Project("{2150E333-8FDC-42A3-9474-1A3956D46DE8}") = "Utilities", "Utilities", "{5574DF67-DA40-4E99-A0B5-FDBF7C0C14EB}"
EndProject
Project("{FAE04EC0-301F-11D3-BF4B-00C04F79EFBC}") = "MigraDoc.DocumentObjectModel", "Infrastructure\Utilities\MigraDoc.DocumentObjectModel\MigraDoc.DocumentObjectModel.csproj", "{BE8C9547-AAB0-49CF-80F2-852D745046FA}"
EndProject
Project("{FAE04EC0-301F-11D3-BF4B-00C04F79EFBC}") = "MigraDoc.Rendering", "Infrastructure\Utilities\MigraDoc.Rendering\MigraDoc.Rendering.csproj", "{A7DF5A06-B98E-402B-8C63-5353999DF2E4}"
EndProject
Project("{FAE04EC0-301F-11D3-BF4B-00C04F79EFBC}") = "PdfSharp", "Infrastructure\Utilities\PdfSharp\PdfSharp.csproj", "{394191BC-2C12-42AA-BE0F-E1E54C4C096A}"
EndProject
Project("{FAE04EC0-301F-11D3-BF4B-00C04F79EFBC}") = "PdfSharp.Charting", "Infrastructure\Utilities\PdfSharp.Charting\PdfSharp.Charting.csproj", "{CD15611A-B089-4E87-8D14-92BF81729B73}"
EndProject
Project("{FAE04EC0-301F-11D3-BF4B-00C04F79EFBC}") = "SSO", "Core\Application\SSO\Application.SSO.csproj", "{64DF59FD-9345-4BFC-A3A9-E8DABE4D9FEA}"
EndProject
Project("{FAE04EC0-301F-11D3-BF4B-00C04F79EFBC}") = "SSO", "Infrastructure\SSO\Infrastructure.SSO.csproj", "{9D382B41-2A5B-4746-ABBE-D63F93A92E12}"
EndProject
Project("{FAE04EC0-301F-11D3-BF4B-00C04F79EFBC}") = "Tests", "Tests\Tests.csproj", "{6C6072CB-D7A6-4435-8E29-C8A507612571}"
EndProject
Global
	GlobalSection(SolutionConfigurationPlatforms) = preSolution
		Debug|Any CPU = Debug|Any CPU
		Release|Any CPU = Release|Any CPU
	EndGlobalSection
	GlobalSection(SolutionProperties) = preSolution
		HideSolutionNode = FALSE
	EndGlobalSection
	GlobalSection(ProjectConfigurationPlatforms) = postSolution
		{405C4635-3E66-47AF-A30D-0F38A8FB639A}.Debug|Any CPU.ActiveCfg = Debug|Any CPU
		{405C4635-3E66-47AF-A30D-0F38A8FB639A}.Debug|Any CPU.Build.0 = Debug|Any CPU
		{405C4635-3E66-47AF-A30D-0F38A8FB639A}.Release|Any CPU.ActiveCfg = Release|Any CPU
		{405C4635-3E66-47AF-A30D-0F38A8FB639A}.Release|Any CPU.Build.0 = Release|Any CPU
		{3260828C-A6A5-4D3D-8551-2492C2E7D9B7}.Debug|Any CPU.ActiveCfg = Debug|Any CPU
		{3260828C-A6A5-4D3D-8551-2492C2E7D9B7}.Debug|Any CPU.Build.0 = Debug|Any CPU
		{3260828C-A6A5-4D3D-8551-2492C2E7D9B7}.Release|Any CPU.ActiveCfg = Release|Any CPU
		{3260828C-A6A5-4D3D-8551-2492C2E7D9B7}.Release|Any CPU.Build.0 = Release|Any CPU
		{E7A4EC39-9AC7-4443-940F-14D674ECDE25}.Debug|Any CPU.ActiveCfg = Debug|Any CPU
		{E7A4EC39-9AC7-4443-940F-14D674ECDE25}.Debug|Any CPU.Build.0 = Debug|Any CPU
		{E7A4EC39-9AC7-4443-940F-14D674ECDE25}.Release|Any CPU.ActiveCfg = Release|Any CPU
		{E7A4EC39-9AC7-4443-940F-14D674ECDE25}.Release|Any CPU.Build.0 = Release|Any CPU
		{987EB889-4D82-4BAD-B193-9DB073ADF07B}.Debug|Any CPU.ActiveCfg = Debug|Any CPU
		{987EB889-4D82-4BAD-B193-9DB073ADF07B}.Debug|Any CPU.Build.0 = Debug|Any CPU
		{987EB889-4D82-4BAD-B193-9DB073ADF07B}.Release|Any CPU.ActiveCfg = Release|Any CPU
		{987EB889-4D82-4BAD-B193-9DB073ADF07B}.Release|Any CPU.Build.0 = Release|Any CPU
		{D5EB14EE-91D7-4357-A832-96CCEE9E7697}.Debug|Any CPU.ActiveCfg = Debug|Any CPU
		{D5EB14EE-91D7-4357-A832-96CCEE9E7697}.Debug|Any CPU.Build.0 = Debug|Any CPU
		{D5EB14EE-91D7-4357-A832-96CCEE9E7697}.Release|Any CPU.ActiveCfg = Release|Any CPU
		{D5EB14EE-91D7-4357-A832-96CCEE9E7697}.Release|Any CPU.Build.0 = Release|Any CPU
		{9D0FA3DD-DCEF-489C-9727-795AE9AAC0A2}.Debug|Any CPU.ActiveCfg = Debug|Any CPU
		{9D0FA3DD-DCEF-489C-9727-795AE9AAC0A2}.Debug|Any CPU.Build.0 = Debug|Any CPU
		{9D0FA3DD-DCEF-489C-9727-795AE9AAC0A2}.Release|Any CPU.ActiveCfg = Release|Any CPU
		{9D0FA3DD-DCEF-489C-9727-795AE9AAC0A2}.Release|Any CPU.Build.0 = Release|Any CPU
		{469C8DB6-55CF-4E6C-8608-399C2AAA58D2}.Debug|Any CPU.ActiveCfg = Debug|Any CPU
		{469C8DB6-55CF-4E6C-8608-399C2AAA58D2}.Debug|Any CPU.Build.0 = Debug|Any CPU
		{469C8DB6-55CF-4E6C-8608-399C2AAA58D2}.Release|Any CPU.ActiveCfg = Release|Any CPU
		{469C8DB6-55CF-4E6C-8608-399C2AAA58D2}.Release|Any CPU.Build.0 = Release|Any CPU
		{893FE102-56FC-42D9-A150-245AB26DFAD7}.Debug|Any CPU.ActiveCfg = Debug|Any CPU
		{893FE102-56FC-42D9-A150-245AB26DFAD7}.Debug|Any CPU.Build.0 = Debug|Any CPU
		{893FE102-56FC-42D9-A150-245AB26DFAD7}.Release|Any CPU.ActiveCfg = Release|Any CPU
		{893FE102-56FC-42D9-A150-245AB26DFAD7}.Release|Any CPU.Build.0 = Release|Any CPU
		{933CBF4E-0AF4-4572-8061-96123FD5D54E}.Debug|Any CPU.ActiveCfg = Debug|Any CPU
		{933CBF4E-0AF4-4572-8061-96123FD5D54E}.Debug|Any CPU.Build.0 = Debug|Any CPU
		{933CBF4E-0AF4-4572-8061-96123FD5D54E}.Release|Any CPU.ActiveCfg = Release|Any CPU
		{933CBF4E-0AF4-4572-8061-96123FD5D54E}.Release|Any CPU.Build.0 = Release|Any CPU
		{D46B3366-B540-4019-93AA-F690403EF7C3}.Debug|Any CPU.ActiveCfg = Debug|Any CPU
		{D46B3366-B540-4019-93AA-F690403EF7C3}.Debug|Any CPU.Build.0 = Debug|Any CPU
		{D46B3366-B540-4019-93AA-F690403EF7C3}.Release|Any CPU.ActiveCfg = Release|Any CPU
		{D46B3366-B540-4019-93AA-F690403EF7C3}.Release|Any CPU.Build.0 = Release|Any CPU
		{07E22EA4-F034-4062-9B98-259BCD7C4B47}.Debug|Any CPU.ActiveCfg = Debug|Any CPU
		{07E22EA4-F034-4062-9B98-259BCD7C4B47}.Debug|Any CPU.Build.0 = Debug|Any CPU
		{07E22EA4-F034-4062-9B98-259BCD7C4B47}.Release|Any CPU.ActiveCfg = Release|Any CPU
		{07E22EA4-F034-4062-9B98-259BCD7C4B47}.Release|Any CPU.Build.0 = Release|Any CPU
		{655CD7E1-3EA4-4F0B-A0B2-76185B1DBA41}.Debug|Any CPU.ActiveCfg = Debug|Any CPU
		{655CD7E1-3EA4-4F0B-A0B2-76185B1DBA41}.Debug|Any CPU.Build.0 = Debug|Any CPU
		{655CD7E1-3EA4-4F0B-A0B2-76185B1DBA41}.Release|Any CPU.ActiveCfg = Release|Any CPU
		{655CD7E1-3EA4-4F0B-A0B2-76185B1DBA41}.Release|Any CPU.Build.0 = Release|Any CPU
		{78C8AC29-1404-4A74-B23D-043337763D51}.Debug|Any CPU.ActiveCfg = Debug|Any CPU
		{78C8AC29-1404-4A74-B23D-043337763D51}.Debug|Any CPU.Build.0 = Debug|Any CPU
		{78C8AC29-1404-4A74-B23D-043337763D51}.Release|Any CPU.ActiveCfg = Release|Any CPU
		{78C8AC29-1404-4A74-B23D-043337763D51}.Release|Any CPU.Build.0 = Release|Any CPU
		{153B2869-EFF7-4F06-A302-2274C0201E46}.Debug|Any CPU.ActiveCfg = Debug|Any CPU
		{153B2869-EFF7-4F06-A302-2274C0201E46}.Debug|Any CPU.Build.0 = Debug|Any CPU
		{153B2869-EFF7-4F06-A302-2274C0201E46}.Release|Any CPU.ActiveCfg = Release|Any CPU
		{153B2869-EFF7-4F06-A302-2274C0201E46}.Release|Any CPU.Build.0 = Release|Any CPU
		{BE8C9547-AAB0-49CF-80F2-852D745046FA}.Debug|Any CPU.ActiveCfg = Debug|Any CPU
		{BE8C9547-AAB0-49CF-80F2-852D745046FA}.Debug|Any CPU.Build.0 = Debug|Any CPU
		{BE8C9547-AAB0-49CF-80F2-852D745046FA}.Release|Any CPU.ActiveCfg = Release|Any CPU
		{BE8C9547-AAB0-49CF-80F2-852D745046FA}.Release|Any CPU.Build.0 = Release|Any CPU
		{A7DF5A06-B98E-402B-8C63-5353999DF2E4}.Debug|Any CPU.ActiveCfg = Debug|Any CPU
		{A7DF5A06-B98E-402B-8C63-5353999DF2E4}.Debug|Any CPU.Build.0 = Debug|Any CPU
		{A7DF5A06-B98E-402B-8C63-5353999DF2E4}.Release|Any CPU.ActiveCfg = Release|Any CPU
		{A7DF5A06-B98E-402B-8C63-5353999DF2E4}.Release|Any CPU.Build.0 = Release|Any CPU
		{394191BC-2C12-42AA-BE0F-E1E54C4C096A}.Debug|Any CPU.ActiveCfg = Debug|Any CPU
		{394191BC-2C12-42AA-BE0F-E1E54C4C096A}.Debug|Any CPU.Build.0 = Debug|Any CPU
		{394191BC-2C12-42AA-BE0F-E1E54C4C096A}.Release|Any CPU.ActiveCfg = Release|Any CPU
		{394191BC-2C12-42AA-BE0F-E1E54C4C096A}.Release|Any CPU.Build.0 = Release|Any CPU
		{CD15611A-B089-4E87-8D14-92BF81729B73}.Debug|Any CPU.ActiveCfg = Debug|Any CPU
		{CD15611A-B089-4E87-8D14-92BF81729B73}.Debug|Any CPU.Build.0 = Debug|Any CPU
		{CD15611A-B089-4E87-8D14-92BF81729B73}.Release|Any CPU.ActiveCfg = Release|Any CPU
		{CD15611A-B089-4E87-8D14-92BF81729B73}.Release|Any CPU.Build.0 = Release|Any CPU
		{64DF59FD-9345-4BFC-A3A9-E8DABE4D9FEA}.Debug|Any CPU.ActiveCfg = Debug|Any CPU
		{64DF59FD-9345-4BFC-A3A9-E8DABE4D9FEA}.Debug|Any CPU.Build.0 = Debug|Any CPU
		{64DF59FD-9345-4BFC-A3A9-E8DABE4D9FEA}.Release|Any CPU.ActiveCfg = Release|Any CPU
		{64DF59FD-9345-4BFC-A3A9-E8DABE4D9FEA}.Release|Any CPU.Build.0 = Release|Any CPU
		{9D382B41-2A5B-4746-ABBE-D63F93A92E12}.Debug|Any CPU.ActiveCfg = Debug|Any CPU
		{9D382B41-2A5B-4746-ABBE-D63F93A92E12}.Debug|Any CPU.Build.0 = Debug|Any CPU
		{9D382B41-2A5B-4746-ABBE-D63F93A92E12}.Release|Any CPU.ActiveCfg = Release|Any CPU
		{9D382B41-2A5B-4746-ABBE-D63F93A92E12}.Release|Any CPU.Build.0 = Release|Any CPU
		{6C6072CB-D7A6-4435-8E29-C8A507612571}.Debug|Any CPU.ActiveCfg = Debug|Any CPU
		{6C6072CB-D7A6-4435-8E29-C8A507612571}.Debug|Any CPU.Build.0 = Debug|Any CPU
		{6C6072CB-D7A6-4435-8E29-C8A507612571}.Release|Any CPU.ActiveCfg = Release|Any CPU
		{6C6072CB-D7A6-4435-8E29-C8A507612571}.Release|Any CPU.Build.0 = Release|Any CPU
	EndGlobalSection
	GlobalSection(NestedProjects) = preSolution
		{405C4635-3E66-47AF-A30D-0F38A8FB639A} = {CF1D7C46-5119-4EF6-9457-34EE46399009}
		{3260828C-A6A5-4D3D-8551-2492C2E7D9B7} = {13DEC475-3665-4F99-8251-770D4C11F14F}
		{E7A4EC39-9AC7-4443-940F-14D674ECDE25} = {13DEC475-3665-4F99-8251-770D4C11F14F}
		{0E879C74-8939-4B20-9160-6509C4F08C6F} = {F7DBA971-1AEB-4412-9F25-68F6C7D7A8F9}
		{987EB889-4D82-4BAD-B193-9DB073ADF07B} = {0E879C74-8939-4B20-9160-6509C4F08C6F}
		{D5EB14EE-91D7-4357-A832-96CCEE9E7697} = {0E879C74-8939-4B20-9160-6509C4F08C6F}
		{9D0FA3DD-DCEF-489C-9727-795AE9AAC0A2} = {0E879C74-8939-4B20-9160-6509C4F08C6F}
		{42782A50-E565-4E86-A03E-3C8916B8FB8C} = {F7DBA971-1AEB-4412-9F25-68F6C7D7A8F9}
		{469C8DB6-55CF-4E6C-8608-399C2AAA58D2} = {42782A50-E565-4E86-A03E-3C8916B8FB8C}
		{81E203DC-5441-4D1B-82C9-3AEFACB733EA} = {CF1D7C46-5119-4EF6-9457-34EE46399009}
		{893FE102-56FC-42D9-A150-245AB26DFAD7} = {81E203DC-5441-4D1B-82C9-3AEFACB733EA}
		{933CBF4E-0AF4-4572-8061-96123FD5D54E} = {81E203DC-5441-4D1B-82C9-3AEFACB733EA}
		{D46B3366-B540-4019-93AA-F690403EF7C3} = {81E203DC-5441-4D1B-82C9-3AEFACB733EA}
		{F5BA57B5-5688-4A0C-8DCF-878EAB94BBC0} = {13DEC475-3665-4F99-8251-770D4C11F14F}
		{07E22EA4-F034-4062-9B98-259BCD7C4B47} = {F5BA57B5-5688-4A0C-8DCF-878EAB94BBC0}
		{655CD7E1-3EA4-4F0B-A0B2-76185B1DBA41} = {F5BA57B5-5688-4A0C-8DCF-878EAB94BBC0}
		{78C8AC29-1404-4A74-B23D-043337763D51} = {F5BA57B5-5688-4A0C-8DCF-878EAB94BBC0}
		{153B2869-EFF7-4F06-A302-2274C0201E46} = {0E879C74-8939-4B20-9160-6509C4F08C6F}
		{5574DF67-DA40-4E99-A0B5-FDBF7C0C14EB} = {13DEC475-3665-4F99-8251-770D4C11F14F}
		{BE8C9547-AAB0-49CF-80F2-852D745046FA} = {5574DF67-DA40-4E99-A0B5-FDBF7C0C14EB}
		{A7DF5A06-B98E-402B-8C63-5353999DF2E4} = {5574DF67-DA40-4E99-A0B5-FDBF7C0C14EB}
		{394191BC-2C12-42AA-BE0F-E1E54C4C096A} = {5574DF67-DA40-4E99-A0B5-FDBF7C0C14EB}
		{CD15611A-B089-4E87-8D14-92BF81729B73} = {5574DF67-DA40-4E99-A0B5-FDBF7C0C14EB}
		{64DF59FD-9345-4BFC-A3A9-E8DABE4D9FEA} = {81E203DC-5441-4D1B-82C9-3AEFACB733EA}
		{9D382B41-2A5B-4746-ABBE-D63F93A92E12} = {13DEC475-3665-4F99-8251-770D4C11F14F}
	EndGlobalSection
EndGlobal
